
Microsoft Visual Studio Solution File, Format Version 11.00
# Visual Studio 2010
Project("{FAE04EC0-301F-11D3-BF4B-00C04F79EFBC}") = "Assembly-CSharp", "Assembly-CSharp.csproj", "{B6053365-B7AD-200A-2701-53549718E940}"
EndProject
Project("{FAE04EC0-301F-11D3-BF4B-00C04F79EFBC}") = "Assembly-CSharp-firstpass", "Assembly-CSharp-firstpass.csproj", "{B4E7E77B-A4F8-2F23-8548-9698497EE62B}"
EndProject
Project("{FAE04EC0-301F-11D3-BF4B-00C04F79EFBC}") = "Assembly-CSharp-Editor-firstpass", "Assembly-CSharp-Editor-firstpass.csproj", "{7DDFA4CF-A9D6-6ED7-2620-0787B3F020C2}"
EndProject
Project("{FAE04EC0-301F-11D3-BF4B-00C04F79EFBC}") = "Assembly-CSharp-Editor", "Assembly-CSharp-Editor.csproj", "{7CA586E7-FCA3-DE72-6D78-11559EE0B2EF}"
EndProject
Global
	GlobalSection(SolutionConfigurationPlatforms) = preSolution
		Debug|Any CPU = Debug|Any CPU
		Release|Any CPU = Release|Any CPU
	EndGlobalSection
	GlobalSection(ProjectConfigurationPlatforms) = postSolution
		{B6053365-B7AD-200A-2701-53549718E940}.Debug|Any CPU.ActiveCfg = Debug|Any CPU
		{B6053365-B7AD-200A-2701-53549718E940}.Debug|Any CPU.Build.0 = Debug|Any CPU
		{B6053365-B7AD-200A-2701-53549718E940}.Release|Any CPU.ActiveCfg = Release|Any CPU
		{B6053365-B7AD-200A-2701-53549718E940}.Release|Any CPU.Build.0 = Release|Any CPU
		{B4E7E77B-A4F8-2F23-8548-9698497EE62B}.Debug|Any CPU.ActiveCfg = Debug|Any CPU
		{B4E7E77B-A4F8-2F23-8548-9698497EE62B}.Debug|Any CPU.Build.0 = Debug|Any CPU
		{B4E7E77B-A4F8-2F23-8548-9698497EE62B}.Release|Any CPU.ActiveCfg = Release|Any CPU
		{B4E7E77B-A4F8-2F23-8548-9698497EE62B}.Release|Any CPU.Build.0 = Release|Any CPU
		{7DDFA4CF-A9D6-6ED7-2620-0787B3F020C2}.Debug|Any CPU.ActiveCfg = Debug|Any CPU
		{7DDFA4CF-A9D6-6ED7-2620-0787B3F020C2}.Debug|Any CPU.Build.0 = Debug|Any CPU
		{7DDFA4CF-A9D6-6ED7-2620-0787B3F020C2}.Release|Any CPU.ActiveCfg = Release|Any CPU
		{7DDFA4CF-A9D6-6ED7-2620-0787B3F020C2}.Release|Any CPU.Build.0 = Release|Any CPU
		{7CA586E7-FCA3-DE72-6D78-11559EE0B2EF}.Debug|Any CPU.ActiveCfg = Debug|Any CPU
		{7CA586E7-FCA3-DE72-6D78-11559EE0B2EF}.Debug|Any CPU.Build.0 = Debug|Any CPU
		{7CA586E7-FCA3-DE72-6D78-11559EE0B2EF}.Release|Any CPU.ActiveCfg = Release|Any CPU
		{7CA586E7-FCA3-DE72-6D78-11559EE0B2EF}.Release|Any CPU.Build.0 = Release|Any CPU
	EndGlobalSection
	GlobalSection(SolutionProperties) = preSolution
		HideSolutionNode = FALSE
	EndGlobalSection
	GlobalSection(MonoDevelopProperties) = preSolution
		StartupItem = Assembly-CSharp.csproj
	EndGlobalSection
EndGlobal
